
Microsoft Visual Studio Solution File, Format Version 12.00
# Visual Studio Version 16
VisualStudioVersion = 16.0.30011.22
MinimumVisualStudioVersion = 10.0.40219.1
Project("{FAE04EC0-301F-11D3-BF4B-00C04F79EFBC}") = "GameAsteroid", "GameAsteroid\GameAsteroid.csproj", "{EB42F2DF-7640-47B6-9453-14089B5DB81B}"
EndProject
Project("{2150E333-8FDC-42A3-9474-1A3956D46DE8}") = "Tests", "Tests", "{9EDC8E9E-F4D5-4743-B25D-94A8750E300A}"
EndProject
Project("{FAE04EC0-301F-11D3-BF4B-00C04F79EFBC}") = "TestConsole", "Tests\TestConsole\TestConsole.csproj", "{774F6285-8CA8-47D3-9273-C780DFFCC03B}"
EndProject
Project("{2150E333-8FDC-42A3-9474-1A3956D46DE8}") = "SamplesUI", "SamplesUI", "{B822D2D8-3235-4A5C-A07B-64FE07EECCD3}"
EndProject
Project("{FAE04EC0-301F-11D3-BF4B-00C04F79EFBC}") = "TextEditorWinForms", "SamplesUI\TextEditorWinForms\TextEditorWinForms.csproj", "{6AA50D87-6630-4798-97EF-4A1130392D87}"
EndProject
Project("{FAE04EC0-301F-11D3-BF4B-00C04F79EFBC}") = "TextEditorWPF", "SamplesUI\TextEditorWPF\TextEditorWPF.csproj", "{506CF9F4-4AF3-42C6-9CEB-33E188A6360A}"
EndProject
Project("{FAE04EC0-301F-11D3-BF4B-00C04F79EFBC}") = "StudentsManager", "SamplesUI\StudentManager\StudentsManager.csproj", "{1D850872-334C-4A4E-853A-2F4D44CFDF14}"
EndProject
Project("{2150E333-8FDC-42A3-9474-1A3956D46DE8}") = "DataBase", "DataBase", "{5FF08DDE-63B6-48FC-AA04-5F9986684697}"
EndProject
Project("{FAE04EC0-301F-11D3-BF4B-00C04F79EFBC}") = "AdoNetTest", "DataBase\AdoNetTest\AdoNetTest.csproj", "{6D24241F-13EB-4C33-A443-95450B2DE018}"
EndProject
Project("{FAE04EC0-301F-11D3-BF4B-00C04F79EFBC}") = "StudentsDatabaseTest", "DataBase\StudentsDatabaseTest\StudentsDatabaseTest.csproj", "{B6C88CD0-4361-4920-9291-DF9F39CEFD87}"
EndProject
Global
	GlobalSection(SolutionConfigurationPlatforms) = preSolution
		Debug|Any CPU = Debug|Any CPU
		Release|Any CPU = Release|Any CPU
	EndGlobalSection
	GlobalSection(ProjectConfigurationPlatforms) = postSolution
		{EB42F2DF-7640-47B6-9453-14089B5DB81B}.Debug|Any CPU.ActiveCfg = Debug|Any CPU
		{EB42F2DF-7640-47B6-9453-14089B5DB81B}.Debug|Any CPU.Build.0 = Debug|Any CPU
		{EB42F2DF-7640-47B6-9453-14089B5DB81B}.Release|Any CPU.ActiveCfg = Release|Any CPU
		{EB42F2DF-7640-47B6-9453-14089B5DB81B}.Release|Any CPU.Build.0 = Release|Any CPU
		{774F6285-8CA8-47D3-9273-C780DFFCC03B}.Debug|Any CPU.ActiveCfg = Debug|Any CPU
		{774F6285-8CA8-47D3-9273-C780DFFCC03B}.Debug|Any CPU.Build.0 = Debug|Any CPU
		{774F6285-8CA8-47D3-9273-C780DFFCC03B}.Release|Any CPU.ActiveCfg = Release|Any CPU
		{774F6285-8CA8-47D3-9273-C780DFFCC03B}.Release|Any CPU.Build.0 = Release|Any CPU
		{6AA50D87-6630-4798-97EF-4A1130392D87}.Debug|Any CPU.ActiveCfg = Debug|Any CPU
		{6AA50D87-6630-4798-97EF-4A1130392D87}.Debug|Any CPU.Build.0 = Debug|Any CPU
		{6AA50D87-6630-4798-97EF-4A1130392D87}.Release|Any CPU.ActiveCfg = Release|Any CPU
		{6AA50D87-6630-4798-97EF-4A1130392D87}.Release|Any CPU.Build.0 = Release|Any CPU
		{506CF9F4-4AF3-42C6-9CEB-33E188A6360A}.Debug|Any CPU.ActiveCfg = Debug|Any CPU
		{506CF9F4-4AF3-42C6-9CEB-33E188A6360A}.Debug|Any CPU.Build.0 = Debug|Any CPU
		{506CF9F4-4AF3-42C6-9CEB-33E188A6360A}.Release|Any CPU.ActiveCfg = Release|Any CPU
		{506CF9F4-4AF3-42C6-9CEB-33E188A6360A}.Release|Any CPU.Build.0 = Release|Any CPU
		{1D850872-334C-4A4E-853A-2F4D44CFDF14}.Debug|Any CPU.ActiveCfg = Debug|Any CPU
		{1D850872-334C-4A4E-853A-2F4D44CFDF14}.Debug|Any CPU.Build.0 = Debug|Any CPU
		{1D850872-334C-4A4E-853A-2F4D44CFDF14}.Release|Any CPU.ActiveCfg = Release|Any CPU
		{1D850872-334C-4A4E-853A-2F4D44CFDF14}.Release|Any CPU.Build.0 = Release|Any CPU
		{6D24241F-13EB-4C33-A443-95450B2DE018}.Debug|Any CPU.ActiveCfg = Debug|Any CPU
		{6D24241F-13EB-4C33-A443-95450B2DE018}.Debug|Any CPU.Build.0 = Debug|Any CPU
		{6D24241F-13EB-4C33-A443-95450B2DE018}.Release|Any CPU.ActiveCfg = Release|Any CPU
		{6D24241F-13EB-4C33-A443-95450B2DE018}.Release|Any CPU.Build.0 = Release|Any CPU
		{B6C88CD0-4361-4920-9291-DF9F39CEFD87}.Debug|Any CPU.ActiveCfg = Debug|Any CPU
		{B6C88CD0-4361-4920-9291-DF9F39CEFD87}.Debug|Any CPU.Build.0 = Debug|Any CPU
		{B6C88CD0-4361-4920-9291-DF9F39CEFD87}.Release|Any CPU.ActiveCfg = Release|Any CPU
		{B6C88CD0-4361-4920-9291-DF9F39CEFD87}.Release|Any CPU.Build.0 = Release|Any CPU
	EndGlobalSection
	GlobalSection(SolutionProperties) = preSolution
		HideSolutionNode = FALSE
	EndGlobalSection
	GlobalSection(NestedProjects) = preSolution
		{774F6285-8CA8-47D3-9273-C780DFFCC03B} = {9EDC8E9E-F4D5-4743-B25D-94A8750E300A}
		{6AA50D87-6630-4798-97EF-4A1130392D87} = {B822D2D8-3235-4A5C-A07B-64FE07EECCD3}
		{506CF9F4-4AF3-42C6-9CEB-33E188A6360A} = {B822D2D8-3235-4A5C-A07B-64FE07EECCD3}
		{1D850872-334C-4A4E-853A-2F4D44CFDF14} = {B822D2D8-3235-4A5C-A07B-64FE07EECCD3}
		{6D24241F-13EB-4C33-A443-95450B2DE018} = {5FF08DDE-63B6-48FC-AA04-5F9986684697}
		{B6C88CD0-4361-4920-9291-DF9F39CEFD87} = {5FF08DDE-63B6-48FC-AA04-5F9986684697}
	EndGlobalSection
	GlobalSection(ExtensibilityGlobals) = postSolution
		SolutionGuid = {6A0957AF-2BCA-4539-9AB0-EA6AC1498CF5}
	EndGlobalSection
EndGlobal
